{
    "name": "michelson-interpreter",
    "version": "1.0.6",
    "lockfileVersion": 2,
    "requires": true,
    "packages": {
        "": {
            "name": "michelson-interpreter",
            "version": "1.0.6",
            "dependencies": {
                "@ungap/structured-clone": "^0.3.4",
                "base58check": "^2.0.0",
                "ethereum-cryptography": "^1.0.3",
                "michelson-interpreter": "github:JanLazz/michelson-interpreter",
                "nearley": "^2.20.1",
                "yargs": "^17.5.1"
            },
            "bin": {
                "michelson-interpreter": "bin/michelson-interpreter.cjs"
            }
        },
        "node_modules/@noble/hashes": {
            "version": "1.0.0",
            "resolved": "https://registry.npmjs.org/@noble/hashes/-/hashes-1.0.0.tgz",
            "integrity": "sha512-DZVbtY62kc3kkBtMHqwCOfXrT/hnoORy5BJ4+HU1IR59X0KWAOqsfzQPcUl/lQLlG7qXbe/fZ3r/emxtAl+sqg=="
        },
        "node_modules/@noble/secp256k1": {
            "version": "1.5.5",
            "resolved": "https://registry.npmjs.org/@noble/secp256k1/-/secp256k1-1.5.5.tgz",
            "integrity": "sha512-sZ1W6gQzYnu45wPrWx8D3kwI2/U29VYTx9OjbDAd7jwRItJ0cSTMPRL/C8AWZFn9kWFLQGqEXVEE86w4Z8LpIQ==",
            "funding": [
                {
                    "type": "individual",
                    "url": "https://paulmillr.com/funding/"
                }
            ]
        },
        "node_modules/@scure/base": {
            "version": "1.0.0",
            "resolved": "https://registry.npmjs.org/@scure/base/-/base-1.0.0.tgz",
            "integrity": "sha512-gIVaYhUsy+9s58m/ETjSJVKHhKTBMmcRb9cEV5/5dwvfDlfORjKrFsDeDHWRrm6RjcPvCLZFwGJjAjLj1gg4HA==",
            "funding": [
                {
                    "type": "individual",
                    "url": "https://paulmillr.com/funding/"
                }
            ]
        },
        "node_modules/@scure/bip32": {
            "version": "1.0.1",
            "resolved": "https://registry.npmjs.org/@scure/bip32/-/bip32-1.0.1.tgz",
            "integrity": "sha512-AU88KKTpQ+YpTLoicZ/qhFhRRIo96/tlb+8YmDDHR9yiKVjSsFZiefJO4wjS2PMTkz5/oIcw84uAq/8pleQURA==",
            "funding": [
                {
                    "type": "individual",
                    "url": "https://paulmillr.com/funding/"
                }
            ],
            "dependencies": {
                "@noble/hashes": "~1.0.0",
                "@noble/secp256k1": "~1.5.2",
                "@scure/base": "~1.0.0"
            }
        },
        "node_modules/@scure/bip39": {
            "version": "1.0.0",
            "resolved": "https://registry.npmjs.org/@scure/bip39/-/bip39-1.0.0.tgz",
            "integrity": "sha512-HrtcikLbd58PWOkl02k9V6nXWQyoa7A0+Ek9VF7z17DDk9XZAFUcIdqfh0jJXLypmizc5/8P6OxoUeKliiWv4w==",
            "funding": [
                {
                    "type": "individual",
                    "url": "https://paulmillr.com/funding/"
                }
            ],
            "dependencies": {
                "@noble/hashes": "~1.0.0",
                "@scure/base": "~1.0.0"
            }
        },
        "node_modules/@ungap/structured-clone": {
            "version": "0.3.4",
            "resolved": "https://registry.npmjs.org/@ungap/structured-clone/-/structured-clone-0.3.4.tgz",
            "integrity": "sha512-TSVh8CpnwNAsPC5wXcIyh92Bv1gq6E9cNDeeLu7Z4h8V4/qWtXJp7y42qljRkqcpmsve1iozwv1wr+3BNdILCg=="
        },
        "node_modules/ansi-regex": {
            "version": "5.0.1",
            "resolved": "https://registry.npmjs.org/ansi-regex/-/ansi-regex-5.0.1.tgz",
            "integrity": "sha512-quJQXlTSUGL2LH9SUXo8VwsY4soanhgo6LNSm84E1LBcE8s3O0wpdiRzyR9z/ZZJMlMWv37qOOb9pdJlMUEKFQ==",
            "engines": {
                "node": ">=8"
            }
        },
        "node_modules/ansi-styles": {
            "version": "4.3.0",
            "resolved": "https://registry.npmjs.org/ansi-styles/-/ansi-styles-4.3.0.tgz",
            "integrity": "sha512-zbB9rCJAT1rbjiVDb2hqKFHNYLxgtk8NURxZ3IZwD3F6NtxbXZQCnnSi1Lkx+IDohdPlFp222wVALIheZJQSEg==",
            "dependencies": {
                "color-convert": "^2.0.1"
            },
            "engines": {
                "node": ">=8"
            },
            "funding": {
                "url": "https://github.com/chalk/ansi-styles?sponsor=1"
            }
        },
        "node_modules/base-x": {
            "version": "1.1.0",
            "resolved": "https://registry.npmjs.org/base-x/-/base-x-1.1.0.tgz",
            "integrity": "sha512-c0WLeG3K5OlL4Skz2/LVdS+MjggByKhowxQpG+JpCLA48s/bGwIDyzA1naFjywtNvp/37fLK0p0FpjTNNLLUXQ=="
        },
        "node_modules/base58check": {
            "version": "2.0.0",
            "resolved": "https://registry.npmjs.org/base58check/-/base58check-2.0.0.tgz",
            "integrity": "sha512-sTzsDAOC9+i2Ukr3p1Ie2DWpD117ua+vBJRDnpsSlScGwImeeiTg/IatwcFLsz9K9wEGoBLVd5ahNZzrZ/jZyg==",
            "dependencies": {
                "bs58": "^3.0.0"
            }
        },
        "node_modules/bs58": {
            "version": "3.1.0",
            "resolved": "https://registry.npmjs.org/bs58/-/bs58-3.1.0.tgz",
            "integrity": "sha512-9C2bRFTGy3meqO65O9jLvVTyawvhLVp4h2ECm5KlRPuV5KPDNJZcJIj3gl+aA0ENXcYrUSLCkPAeqbTcI2uWyQ==",
            "dependencies": {
                "base-x": "^1.1.0"
            }
        },
        "node_modules/cliui": {
            "version": "7.0.4",
            "resolved": "https://registry.npmjs.org/cliui/-/cliui-7.0.4.tgz",
            "integrity": "sha512-OcRE68cOsVMXp1Yvonl/fzkQOyjLSu/8bhPDfQt0e0/Eb283TKP20Fs2MqoPsr9SwA595rRCA+QMzYc9nBP+JQ==",
            "dependencies": {
                "string-width": "^4.2.0",
                "strip-ansi": "^6.0.0",
                "wrap-ansi": "^7.0.0"
            }
        },
        "node_modules/color-convert": {
            "version": "2.0.1",
            "resolved": "https://registry.npmjs.org/color-convert/-/color-convert-2.0.1.tgz",
            "integrity": "sha512-RRECPsj7iu/xb5oKYcsFHSppFNnsj/52OVTRKb4zP5onXwVF3zVmmToNcOfGC+CRDpfK/U584fMg38ZHCaElKQ==",
            "dependencies": {
                "color-name": "~1.1.4"
            },
            "engines": {
                "node": ">=7.0.0"
            }
        },
        "node_modules/color-name": {
            "version": "1.1.4",
            "resolved": "https://registry.npmjs.org/color-name/-/color-name-1.1.4.tgz",
            "integrity": "sha512-dOy+3AuW3a2wNbZHIuMZpTcgjGuLU/uBL/ubcZF9OXbDo8ff4O8yVp5Bf0efS8uEoYo5q4Fx7dY9OgQGXgAsQA=="
        },
        "node_modules/commander": {
            "version": "2.20.3",
            "resolved": "https://registry.npmjs.org/commander/-/commander-2.20.3.tgz",
            "integrity": "sha512-GpVkmM8vF2vQUkj2LvZmD35JxeJOLCwJ9cUkugyk2nuhbv3+mJvpLYYt+0+USMxE+oj+ey/lJEnhZw75x/OMcQ=="
        },
        "node_modules/discontinuous-range": {
            "version": "1.0.0",
            "resolved": "https://registry.npmjs.org/discontinuous-range/-/discontinuous-range-1.0.0.tgz",
            "integrity": "sha1-44Mx8IRLukm5qctxx3FYWqsbxlo="
        },
        "node_modules/emoji-regex": {
            "version": "8.0.0",
            "resolved": "https://registry.npmjs.org/emoji-regex/-/emoji-regex-8.0.0.tgz",
            "integrity": "sha512-MSjYzcWNOA0ewAHpz0MxpYFvwg6yjy1NG3xteoqz644VCo/RPgnr1/GGt+ic3iJTzQ8Eu3TdM14SawnVUmGE6A=="
        },
        "node_modules/escalade": {
            "version": "3.1.1",
            "resolved": "https://registry.npmjs.org/escalade/-/escalade-3.1.1.tgz",
            "integrity": "sha512-k0er2gUkLf8O0zKJiAhmkTnJlTvINGv7ygDNPbeIsX/TJjGJZHuh9B2UxbsaEkmlEo9MfhrSzmhIlhRlI2GXnw==",
            "engines": {
                "node": ">=6"
            }
        },
        "node_modules/ethereum-cryptography": {
            "version": "1.0.3",
            "resolved": "https://registry.npmjs.org/ethereum-cryptography/-/ethereum-cryptography-1.0.3.tgz",
            "integrity": "sha512-NQLTW0x0CosoVb/n79x/TRHtfvS3hgNUPTUSCu0vM+9k6IIhHFFrAOJReneexjZsoZxMjJHnJn4lrE8EbnSyqQ==",
            "dependencies": {
                "@noble/hashes": "1.0.0",
                "@noble/secp256k1": "1.5.5",
                "@scure/bip32": "1.0.1",
                "@scure/bip39": "1.0.0"
            }
        },
        "node_modules/get-caller-file": {
            "version": "2.0.5",
            "resolved": "https://registry.npmjs.org/get-caller-file/-/get-caller-file-2.0.5.tgz",
            "integrity": "sha512-DyFP3BM/3YHTQOCUL/w0OZHR0lpKeGrxotcHWcqNEdnltqFwXVfhEBQ94eIo34AfQpo0rGki4cyIiftY06h2Fg==",
            "engines": {
                "node": "6.* || 8.* || >= 10.*"
            }
        },
        "node_modules/is-fullwidth-code-point": {
            "version": "3.0.0",
            "resolved": "https://registry.npmjs.org/is-fullwidth-code-point/-/is-fullwidth-code-point-3.0.0.tgz",
            "integrity": "sha512-zymm5+u+sCsSWyD9qNaejV3DFvhCKclKdizYaJUuHA83RLjb7nSuGnddCHGv0hk+KY7BMAlsWeK4Ueg6EV6XQg==",
            "engines": {
                "node": ">=8"
            }
        },
        "node_modules/michelson-interpreter": {
            "version": "1.0.6",
            "resolved": "git+ssh://git@github.com/JanLazz/michelson-interpreter.git#61c272917da1d7cebd0be8d41256008e62ac121b",
            "dependencies": {
                "@ungap/structured-clone": "^0.3.4",
                "base58check": "^2.0.0",
                "ethereum-cryptography": "^1.0.3",
                "michelson-interpreter": "github:JanLazz/michelson-interpreter",
                "nearley": "^2.20.1",
                "yargs": "^17.5.1"
            },
            "bin": {
                "michelson-interpreter": "bin/michelson-interpreter.cjs"
            }
        },
        "node_modules/moo": {
            "version": "0.5.1",
            "resolved": "https://registry.npmjs.org/moo/-/moo-0.5.1.tgz",
            "integrity": "sha512-I1mnb5xn4fO80BH9BLcF0yLypy2UKl+Cb01Fu0hJRkJjlCRtxZMWkTdAtDd5ZqCOxtCkhmRwyI57vWT+1iZ67w=="
        },
        "node_modules/nearley": {
            "version": "2.20.1",
            "resolved": "https://registry.npmjs.org/nearley/-/nearley-2.20.1.tgz",
            "integrity": "sha512-+Mc8UaAebFzgV+KpI5n7DasuuQCHA89dmwm7JXw3TV43ukfNQ9DnBH3Mdb2g/I4Fdxc26pwimBWvjIw0UAILSQ==",
            "dependencies": {
                "commander": "^2.19.0",
                "moo": "^0.5.0",
                "railroad-diagrams": "^1.0.0",
                "randexp": "0.4.6"
            },
            "bin": {
                "nearley-railroad": "bin/nearley-railroad.js",
                "nearley-test": "bin/nearley-test.js",
                "nearley-unparse": "bin/nearley-unparse.js",
                "nearleyc": "bin/nearleyc.js"
            },
            "funding": {
                "type": "individual",
                "url": "https://nearley.js.org/#give-to-nearley"
            }
        },
        "node_modules/railroad-diagrams": {
            "version": "1.0.0",
            "resolved": "https://registry.npmjs.org/railroad-diagrams/-/railroad-diagrams-1.0.0.tgz",
            "integrity": "sha1-635iZ1SN3t+4mcG5Dlc3RVnN234="
        },
        "node_modules/randexp": {
            "version": "0.4.6",
            "resolved": "https://registry.npmjs.org/randexp/-/randexp-0.4.6.tgz",
            "integrity": "sha512-80WNmd9DA0tmZrw9qQa62GPPWfuXJknrmVmLcxvq4uZBdYqb1wYoKTmnlGUchvVWe0XiLupYkBoXVOxz3C8DYQ==",
            "dependencies": {
                "discontinuous-range": "1.0.0",
                "ret": "~0.1.10"
            },
            "engines": {
                "node": ">=0.12"
            }
        },
        "node_modules/require-directory": {
            "version": "2.1.1",
            "resolved": "https://registry.npmjs.org/require-directory/-/require-directory-2.1.1.tgz",
            "integrity": "sha1-jGStX9MNqxyXbiNE/+f3kqam30I=",
            "engines": {
                "node": ">=0.10.0"
            }
        },
        "node_modules/ret": {
            "version": "0.1.15",
            "resolved": "https://registry.npmjs.org/ret/-/ret-0.1.15.tgz",
            "integrity": "sha512-TTlYpa+OL+vMMNG24xSlQGEJ3B/RzEfUlLct7b5G/ytav+wPrplCpVMFuwzXbkecJrb6IYo1iFb0S9v37754mg==",
            "engines": {
                "node": ">=0.12"
            }
        },
        "node_modules/string-width": {
            "version": "4.2.3",
            "resolved": "https://registry.npmjs.org/string-width/-/string-width-4.2.3.tgz",
            "integrity": "sha512-wKyQRQpjJ0sIp62ErSZdGsjMJWsap5oRNihHhu6G7JVO/9jIB6UyevL+tXuOqrng8j/cxKTWyWUwvSTriiZz/g==",
            "dependencies": {
                "emoji-regex": "^8.0.0",
                "is-fullwidth-code-point": "^3.0.0",
                "strip-ansi": "^6.0.1"
            },
            "engines": {
                "node": ">=8"
            }
        },
        "node_modules/strip-ansi": {
            "version": "6.0.1",
            "resolved": "https://registry.npmjs.org/strip-ansi/-/strip-ansi-6.0.1.tgz",
            "integrity": "sha512-Y38VPSHcqkFrCpFnQ9vuSXmquuv5oXOKpGeT6aGrr3o3Gc9AlVa6JBfUSOCnbxGGZF+/0ooI7KrPuUSztUdU5A==",
            "dependencies": {
                "ansi-regex": "^5.0.1"
            },
            "engines": {
                "node": ">=8"
            }
        },
        "node_modules/wrap-ansi": {
            "version": "7.0.0",
            "resolved": "https://registry.npmjs.org/wrap-ansi/-/wrap-ansi-7.0.0.tgz",
            "integrity": "sha512-YVGIj2kamLSTxw6NsZjoBxfSwsn0ycdesmc4p+Q21c5zPuZ1pl+NfxVdxPtdHvmNVOQ6XSYG4AUtyt/Fi7D16Q==",
            "dependencies": {
                "ansi-styles": "^4.0.0",
                "string-width": "^4.1.0",
                "strip-ansi": "^6.0.0"
            },
            "engines": {
                "node": ">=10"
            },
            "funding": {
                "url": "https://github.com/chalk/wrap-ansi?sponsor=1"
            }
        },
        "node_modules/y18n": {
            "version": "5.0.8",
            "resolved": "https://registry.npmjs.org/y18n/-/y18n-5.0.8.tgz",
            "integrity": "sha512-0pfFzegeDWJHJIAmTLRP2DwHjdF5s7jo9tuztdQxAhINCdvS+3nGINqPd00AphqJR/0LhANUS6/+7SCb98YOfA==",
            "engines": {
                "node": ">=10"
            }
        },
        "node_modules/yargs": {
            "version": "17.5.1",
            "resolved": "https://registry.npmjs.org/yargs/-/yargs-17.5.1.tgz",
            "integrity": "sha512-t6YAJcxDkNX7NFYiVtKvWUz8l+PaKTLiL63mJYWR2GnHq2gjEWISzsLp9wg3aY36dY1j+gfIEL3pIF+XlJJfbA==",
            "dependencies": {
                "cliui": "^7.0.2",
                "escalade": "^3.1.1",
                "get-caller-file": "^2.0.5",
                "require-directory": "^2.1.1",
                "string-width": "^4.2.3",
                "y18n": "^5.0.5",
                "yargs-parser": "^21.0.0"
            },
            "engines": {
                "node": ">=12"
            }
        },
        "node_modules/yargs-parser": {
            "version": "21.0.1",
            "resolved": "https://registry.npmjs.org/yargs-parser/-/yargs-parser-21.0.1.tgz",
            "integrity": "sha512-9BK1jFpLzJROCI5TzwZL/TU4gqjK5xiHV/RfWLOahrjAko/e4DJkRDZQXfvqAsiZzzYhgAzbgz6lg48jcm4GLg==",
            "engines": {
                "node": ">=12"
            }
        }
    },
    "dependencies": {
        "@noble/hashes": {
            "version": "1.0.0",
            "resolved": "https://registry.npmjs.org/@noble/hashes/-/hashes-1.0.0.tgz",
            "integrity": "sha512-DZVbtY62kc3kkBtMHqwCOfXrT/hnoORy5BJ4+HU1IR59X0KWAOqsfzQPcUl/lQLlG7qXbe/fZ3r/emxtAl+sqg=="
        },
        "@noble/secp256k1": {
            "version": "1.5.5",
            "resolved": "https://registry.npmjs.org/@noble/secp256k1/-/secp256k1-1.5.5.tgz",
            "integrity": "sha512-sZ1W6gQzYnu45wPrWx8D3kwI2/U29VYTx9OjbDAd7jwRItJ0cSTMPRL/C8AWZFn9kWFLQGqEXVEE86w4Z8LpIQ=="
        },
        "@scure/base": {
            "version": "1.0.0",
            "resolved": "https://registry.npmjs.org/@scure/base/-/base-1.0.0.tgz",
            "integrity": "sha512-gIVaYhUsy+9s58m/ETjSJVKHhKTBMmcRb9cEV5/5dwvfDlfORjKrFsDeDHWRrm6RjcPvCLZFwGJjAjLj1gg4HA=="
        },
        "@scure/bip32": {
            "version": "1.0.1",
            "resolved": "https://registry.npmjs.org/@scure/bip32/-/bip32-1.0.1.tgz",
            "integrity": "sha512-AU88KKTpQ+YpTLoicZ/qhFhRRIo96/tlb+8YmDDHR9yiKVjSsFZiefJO4wjS2PMTkz5/oIcw84uAq/8pleQURA==",
            "requires": {
                "@noble/hashes": "~1.0.0",
                "@noble/secp256k1": "~1.5.2",
                "@scure/base": "~1.0.0"
            }
        },
        "@scure/bip39": {
            "version": "1.0.0",
            "resolved": "https://registry.npmjs.org/@scure/bip39/-/bip39-1.0.0.tgz",
            "integrity": "sha512-HrtcikLbd58PWOkl02k9V6nXWQyoa7A0+Ek9VF7z17DDk9XZAFUcIdqfh0jJXLypmizc5/8P6OxoUeKliiWv4w==",
            "requires": {
                "@noble/hashes": "~1.0.0",
                "@scure/base": "~1.0.0"
            }
        },
        "@ungap/structured-clone": {
            "version": "0.3.4",
            "resolved": "https://registry.npmjs.org/@ungap/structured-clone/-/structured-clone-0.3.4.tgz",
            "integrity": "sha512-TSVh8CpnwNAsPC5wXcIyh92Bv1gq6E9cNDeeLu7Z4h8V4/qWtXJp7y42qljRkqcpmsve1iozwv1wr+3BNdILCg=="
        },
        "ansi-regex": {
            "version": "5.0.1",
            "resolved": "https://registry.npmjs.org/ansi-regex/-/ansi-regex-5.0.1.tgz",
            "integrity": "sha512-quJQXlTSUGL2LH9SUXo8VwsY4soanhgo6LNSm84E1LBcE8s3O0wpdiRzyR9z/ZZJMlMWv37qOOb9pdJlMUEKFQ=="
        },
        "ansi-styles": {
            "version": "4.3.0",
            "resolved": "https://registry.npmjs.org/ansi-styles/-/ansi-styles-4.3.0.tgz",
            "integrity": "sha512-zbB9rCJAT1rbjiVDb2hqKFHNYLxgtk8NURxZ3IZwD3F6NtxbXZQCnnSi1Lkx+IDohdPlFp222wVALIheZJQSEg==",
            "requires": {
                "color-convert": "^2.0.1"
            }
        },
        "base-x": {
            "version": "1.1.0",
            "resolved": "https://registry.npmjs.org/base-x/-/base-x-1.1.0.tgz",
            "integrity": "sha512-c0WLeG3K5OlL4Skz2/LVdS+MjggByKhowxQpG+JpCLA48s/bGwIDyzA1naFjywtNvp/37fLK0p0FpjTNNLLUXQ=="
        },
        "base58check": {
            "version": "2.0.0",
            "resolved": "https://registry.npmjs.org/base58check/-/base58check-2.0.0.tgz",
            "integrity": "sha512-sTzsDAOC9+i2Ukr3p1Ie2DWpD117ua+vBJRDnpsSlScGwImeeiTg/IatwcFLsz9K9wEGoBLVd5ahNZzrZ/jZyg==",
            "requires": {
                "bs58": "^3.0.0"
            }
        },
        "bs58": {
            "version": "3.1.0",
            "resolved": "https://registry.npmjs.org/bs58/-/bs58-3.1.0.tgz",
            "integrity": "sha512-9C2bRFTGy3meqO65O9jLvVTyawvhLVp4h2ECm5KlRPuV5KPDNJZcJIj3gl+aA0ENXcYrUSLCkPAeqbTcI2uWyQ==",
            "requires": {
                "base-x": "^1.1.0"
            }
        },
        "cliui": {
            "version": "7.0.4",
            "resolved": "https://registry.npmjs.org/cliui/-/cliui-7.0.4.tgz",
            "integrity": "sha512-OcRE68cOsVMXp1Yvonl/fzkQOyjLSu/8bhPDfQt0e0/Eb283TKP20Fs2MqoPsr9SwA595rRCA+QMzYc9nBP+JQ==",
            "requires": {
                "string-width": "^4.2.0",
                "strip-ansi": "^6.0.0",
                "wrap-ansi": "^7.0.0"
            }
        },
        "color-convert": {
            "version": "2.0.1",
            "resolved": "https://registry.npmjs.org/color-convert/-/color-convert-2.0.1.tgz",
            "integrity": "sha512-RRECPsj7iu/xb5oKYcsFHSppFNnsj/52OVTRKb4zP5onXwVF3zVmmToNcOfGC+CRDpfK/U584fMg38ZHCaElKQ==",
            "requires": {
                "color-name": "~1.1.4"
            }
        },
        "color-name": {
            "version": "1.1.4",
            "resolved": "https://registry.npmjs.org/color-name/-/color-name-1.1.4.tgz",
            "integrity": "sha512-dOy+3AuW3a2wNbZHIuMZpTcgjGuLU/uBL/ubcZF9OXbDo8ff4O8yVp5Bf0efS8uEoYo5q4Fx7dY9OgQGXgAsQA=="
        },
        "commander": {
            "version": "2.20.3",
            "resolved": "https://registry.npmjs.org/commander/-/commander-2.20.3.tgz",
            "integrity": "sha512-GpVkmM8vF2vQUkj2LvZmD35JxeJOLCwJ9cUkugyk2nuhbv3+mJvpLYYt+0+USMxE+oj+ey/lJEnhZw75x/OMcQ=="
        },
        "discontinuous-range": {
            "version": "1.0.0",
            "resolved": "https://registry.npmjs.org/discontinuous-range/-/discontinuous-range-1.0.0.tgz",
            "integrity": "sha1-44Mx8IRLukm5qctxx3FYWqsbxlo="
        },
        "emoji-regex": {
            "version": "8.0.0",
            "resolved": "https://registry.npmjs.org/emoji-regex/-/emoji-regex-8.0.0.tgz",
            "integrity": "sha512-MSjYzcWNOA0ewAHpz0MxpYFvwg6yjy1NG3xteoqz644VCo/RPgnr1/GGt+ic3iJTzQ8Eu3TdM14SawnVUmGE6A=="
        },
        "escalade": {
            "version": "3.1.1",
            "resolved": "https://registry.npmjs.org/escalade/-/escalade-3.1.1.tgz",
            "integrity": "sha512-k0er2gUkLf8O0zKJiAhmkTnJlTvINGv7ygDNPbeIsX/TJjGJZHuh9B2UxbsaEkmlEo9MfhrSzmhIlhRlI2GXnw=="
        },
        "ethereum-cryptography": {
            "version": "1.0.3",
            "resolved": "https://registry.npmjs.org/ethereum-cryptography/-/ethereum-cryptography-1.0.3.tgz",
            "integrity": "sha512-NQLTW0x0CosoVb/n79x/TRHtfvS3hgNUPTUSCu0vM+9k6IIhHFFrAOJReneexjZsoZxMjJHnJn4lrE8EbnSyqQ==",
            "requires": {
                "@noble/hashes": "1.0.0",
                "@noble/secp256k1": "1.5.5",
                "@scure/bip32": "1.0.1",
                "@scure/bip39": "1.0.0"
            }
        },
        "get-caller-file": {
            "version": "2.0.5",
            "resolved": "https://registry.npmjs.org/get-caller-file/-/get-caller-file-2.0.5.tgz",
            "integrity": "sha512-DyFP3BM/3YHTQOCUL/w0OZHR0lpKeGrxotcHWcqNEdnltqFwXVfhEBQ94eIo34AfQpo0rGki4cyIiftY06h2Fg=="
        },
        "is-fullwidth-code-point": {
            "version": "3.0.0",
            "resolved": "https://registry.npmjs.org/is-fullwidth-code-point/-/is-fullwidth-code-point-3.0.0.tgz",
            "integrity": "sha512-zymm5+u+sCsSWyD9qNaejV3DFvhCKclKdizYaJUuHA83RLjb7nSuGnddCHGv0hk+KY7BMAlsWeK4Ueg6EV6XQg=="
        },
        "michelson-interpreter": {
            "version": "git+ssh://git@github.com/JanLazz/michelson-interpreter.git#61c272917da1d7cebd0be8d41256008e62ac121b",
            "from": "michelson-interpreter@github:JanLazz/michelson-interpreter",
            "requires": {
                "@ungap/structured-clone": "^0.3.4",
                "base58check": "^2.0.0",
                "ethereum-cryptography": "^1.0.3",
                "michelson-interpreter": "github:JanLazz/michelson-interpreter",
                "nearley": "^2.20.1",
                "yargs": "^17.5.1"
            }
        },
        "moo": {
            "version": "0.5.1",
            "resolved": "https://registry.npmjs.org/moo/-/moo-0.5.1.tgz",
            "integrity": "sha512-I1mnb5xn4fO80BH9BLcF0yLypy2UKl+Cb01Fu0hJRkJjlCRtxZMWkTdAtDd5ZqCOxtCkhmRwyI57vWT+1iZ67w=="
        },
        "nearley": {
            "version": "2.20.1",
            "resolved": "https://registry.npmjs.org/nearley/-/nearley-2.20.1.tgz",
            "integrity": "sha512-+Mc8UaAebFzgV+KpI5n7DasuuQCHA89dmwm7JXw3TV43ukfNQ9DnBH3Mdb2g/I4Fdxc26pwimBWvjIw0UAILSQ==",
            "requires": {
                "commander": "^2.19.0",
                "moo": "^0.5.0",
                "railroad-diagrams": "^1.0.0",
                "randexp": "0.4.6"
            }
        },
        "railroad-diagrams": {
            "version": "1.0.0",
            "resolved": "https://registry.npmjs.org/railroad-diagrams/-/railroad-diagrams-1.0.0.tgz",
            "integrity": "sha1-635iZ1SN3t+4mcG5Dlc3RVnN234="
        },
        "randexp": {
            "version": "0.4.6",
            "resolved": "https://registry.npmjs.org/randexp/-/randexp-0.4.6.tgz",
            "integrity": "sha512-80WNmd9DA0tmZrw9qQa62GPPWfuXJknrmVmLcxvq4uZBdYqb1wYoKTmnlGUchvVWe0XiLupYkBoXVOxz3C8DYQ==",
            "requires": {
                "discontinuous-range": "1.0.0",
                "ret": "~0.1.10"
            }
        },
        "require-directory": {
            "version": "2.1.1",
            "resolved": "https://registry.npmjs.org/require-directory/-/require-directory-2.1.1.tgz",
            "integrity": "sha1-jGStX9MNqxyXbiNE/+f3kqam30I="
        },
        "ret": {
            "version": "0.1.15",
            "resolved": "https://registry.npmjs.org/ret/-/ret-0.1.15.tgz",
            "integrity": "sha512-TTlYpa+OL+vMMNG24xSlQGEJ3B/RzEfUlLct7b5G/ytav+wPrplCpVMFuwzXbkecJrb6IYo1iFb0S9v37754mg=="
        },
        "string-width": {
            "version": "4.2.3",
            "resolved": "https://registry.npmjs.org/string-width/-/string-width-4.2.3.tgz",
            "integrity": "sha512-wKyQRQpjJ0sIp62ErSZdGsjMJWsap5oRNihHhu6G7JVO/9jIB6UyevL+tXuOqrng8j/cxKTWyWUwvSTriiZz/g==",
            "requires": {
                "emoji-regex": "^8.0.0",
                "is-fullwidth-code-point": "^3.0.0",
                "strip-ansi": "^6.0.1"
            }
        },
        "strip-ansi": {
            "version": "6.0.1",
            "resolved": "https://registry.npmjs.org/strip-ansi/-/strip-ansi-6.0.1.tgz",
            "integrity": "sha512-Y38VPSHcqkFrCpFnQ9vuSXmquuv5oXOKpGeT6aGrr3o3Gc9AlVa6JBfUSOCnbxGGZF+/0ooI7KrPuUSztUdU5A==",
            "requires": {
                "ansi-regex": "^5.0.1"
            }
        },
        "wrap-ansi": {
            "version": "7.0.0",
            "resolved": "https://registry.npmjs.org/wrap-ansi/-/wrap-ansi-7.0.0.tgz",
            "integrity": "sha512-YVGIj2kamLSTxw6NsZjoBxfSwsn0ycdesmc4p+Q21c5zPuZ1pl+NfxVdxPtdHvmNVOQ6XSYG4AUtyt/Fi7D16Q==",
            "requires": {
                "ansi-styles": "^4.0.0",
                "string-width": "^4.1.0",
                "strip-ansi": "^6.0.0"
            }
        },
        "y18n": {
            "version": "5.0.8",
            "resolved": "https://registry.npmjs.org/y18n/-/y18n-5.0.8.tgz",
            "integrity": "sha512-0pfFzegeDWJHJIAmTLRP2DwHjdF5s7jo9tuztdQxAhINCdvS+3nGINqPd00AphqJR/0LhANUS6/+7SCb98YOfA=="
        },
        "yargs": {
            "version": "17.5.1",
            "resolved": "https://registry.npmjs.org/yargs/-/yargs-17.5.1.tgz",
            "integrity": "sha512-t6YAJcxDkNX7NFYiVtKvWUz8l+PaKTLiL63mJYWR2GnHq2gjEWISzsLp9wg3aY36dY1j+gfIEL3pIF+XlJJfbA==",
            "requires": {
                "cliui": "^7.0.2",
                "escalade": "^3.1.1",
                "get-caller-file": "^2.0.5",
                "require-directory": "^2.1.1",
                "string-width": "^4.2.3",
                "y18n": "^5.0.5",
                "yargs-parser": "^21.0.0"
            }
        },
        "yargs-parser": {
            "version": "21.0.1",
            "resolved": "https://registry.npmjs.org/yargs-parser/-/yargs-parser-21.0.1.tgz",
            "integrity": "sha512-9BK1jFpLzJROCI5TzwZL/TU4gqjK5xiHV/RfWLOahrjAko/e4DJkRDZQXfvqAsiZzzYhgAzbgz6lg48jcm4GLg=="
        }
    }
}
